// !$*UTF8*$!
{
	archiveVersion = 1;
	classes = {
	};
	objectVersion = 50;
	objects = {

/* Begin PBXBuildFile section */
		A9C5A38326FA576200C73419 /* AsynchronousProgrammingApp.swift in Sources */ = {isa = PBXBuildFile; fileRef = A9C5A38226FA576200C73419 /* AsynchronousProgrammingApp.swift */; };
		A9C5A38526FA576200C73419 /* ContentView.swift in Sources */ = {isa = PBXBuildFile; fileRef = A9C5A38426FA576200C73419 /* ContentView.swift */; };
		A9C5A38726FA576400C73419 /* Assets.xcassets in Resources */ = {isa = PBXBuildFile; fileRef = A9C5A38626FA576400C73419 /* Assets.xcassets */; };
		A9C5A38A26FA576400C73419 /* Preview Assets.xcassets in Resources */ = {isa = PBXBuildFile; fileRef = A9C5A38926FA576400C73419 /* Preview Assets.xcassets */; };
		A9C5A39226FA58E400C73419 /* AsyncEngine.swift in Sources */ = {isa = PBXBuildFile; fileRef = A9C5A39126FA58E400C73419 /* AsyncEngine.swift */; };
		A9C5A39426FA58FE00C73419 /* Executable.swift in Sources */ = {isa = PBXBuildFile; fileRef = A9C5A39326FA58FE00C73419 /* Executable.swift */; };
		A9C5A39626FA595300C73419 /* PrimeNumbersFinder.swift in Sources */ = {isa = PBXBuildFile; fileRef = A9C5A39526FA595200C73419 /* PrimeNumbersFinder.swift */; };
		A9FB993F26FB12B000DEB48D /* PerfectNumbersFinder.swift in Sources */ = {isa = PBXBuildFile; fileRef = A9FB993E26FB12B000DEB48D /* PerfectNumbersFinder.swift */; };
/* End PBXBuildFile section */

/* Begin PBXFileReference section */
		A9C5A37F26FA576200C73419 /* AsynchronousProgramming.app */ = {isa = PBXFileReference; explicitFileType = wrapper.application; includeInIndex = 0; path = AsynchronousProgramming.app; sourceTree = BUILT_PRODUCTS_DIR; };
		A9C5A38226FA576200C73419 /* AsynchronousProgrammingApp.swift */ = {isa = PBXFileReference; lastKnownFileType = sourcecode.swift; path = AsynchronousProgrammingApp.swift; sourceTree = "<group>"; };
		A9C5A38426FA576200C73419 /* ContentView.swift */ = {isa = PBXFileReference; lastKnownFileType = sourcecode.swift; path = ContentView.swift; sourceTree = "<group>"; };
		A9C5A38626FA576400C73419 /* Assets.xcassets */ = {isa = PBXFileReference; lastKnownFileType = folder.assetcatalog; path = Assets.xcassets; sourceTree = "<group>"; };
		A9C5A38926FA576400C73419 /* Preview Assets.xcassets */ = {isa = PBXFileReference; lastKnownFileType = folder.assetcatalog; path = "Preview Assets.xcassets"; sourceTree = "<group>"; };
		A9C5A38B26FA576400C73419 /* Info.plist */ = {isa = PBXFileReference; lastKnownFileType = text.plist.xml; path = Info.plist; sourceTree = "<group>"; };
		A9C5A39126FA58E400C73419 /* AsyncEngine.swift */ = {isa = PBXFileReference; lastKnownFileType = sourcecode.swift; path = AsyncEngine.swift; sourceTree = "<group>"; };
		A9C5A39326FA58FE00C73419 /* Executable.swift */ = {isa = PBXFileReference; lastKnownFileType = sourcecode.swift; path = Executable.swift; sourceTree = "<group>"; };
		A9C5A39526FA595200C73419 /* PrimeNumbersFinder.swift */ = {isa = PBXFileReference; lastKnownFileType = sourcecode.swift; path = PrimeNumbersFinder.swift; sourceTree = "<group>"; };
		A9FB993E26FB12B000DEB48D /* PerfectNumbersFinder.swift */ = {isa = PBXFileReference; lastKnownFileType = sourcecode.swift; path = PerfectNumbersFinder.swift; sourceTree = "<group>"; };
/* End PBXFileReference section */

/* Begin PBXFrameworksBuildPhase section */
		A9C5A37C26FA576200C73419 /* Frameworks */ = {
			isa = PBXFrameworksBuildPhase;
			buildActionMask = 2147483647;
			files = (
			);
			runOnlyForDeploymentPostprocessing = 0;
		};
/* End PBXFrameworksBuildPhase section */

/* Begin PBXGroup section */
		A9C5A37626FA576200C73419 = {
			isa = PBXGroup;
			children = (
				A9C5A38126FA576200C73419 /* AsynchronousProgramming */,
				A9C5A38026FA576200C73419 /* Products */,
			);
			sourceTree = "<group>";
		};
		A9C5A38026FA576200C73419 /* Products */ = {
			isa = PBXGroup;
			children = (
				A9C5A37F26FA576200C73419 /* AsynchronousProgramming.app */,
			);
			name = Products;
			sourceTree = "<group>";
		};
		A9C5A38126FA576200C73419 /* AsynchronousProgramming */ = {
			isa = PBXGroup;
			children = (
				A9C5A38226FA576200C73419 /* AsynchronousProgrammingApp.swift */,
				A9C5A38426FA576200C73419 /* ContentView.swift */,
				A9C5A39126FA58E400C73419 /* AsyncEngine.swift */,
				A9C5A39326FA58FE00C73419 /* Executable.swift */,
				A9C5A39526FA595200C73419 /* PrimeNumbersFinder.swift */,
				A9FB993E26FB12B000DEB48D /* PerfectNumbersFinder.swift */,
				A9C5A38626FA576400C73419 /* Assets.xcassets */,
				A9C5A38B26FA576400C73419 /* Info.plist */,
				A9C5A38826FA576400C73419 /* Preview Content */,
			);
			path = AsynchronousProgramming;
			sourceTree = "<group>";
		};
		A9C5A38826FA576400C73419 /* Preview Content */ = {
			isa = PBXGroup;
			children = (
				A9C5A38926FA576400C73419 /* Preview Assets.xcassets */,
			);
			path = "Preview Content";
			sourceTree = "<group>";
		};
/* End PBXGroup section */

/* Begin PBXNativeTarget section */
		A9C5A37E26FA576200C73419 /* AsynchronousProgramming */ = {
			isa = PBXNativeTarget;
			buildConfigurationList = A9C5A38E26FA576400C73419 /* Build configuration list for PBXNativeTarget "AsynchronousProgramming" */;
			buildPhases = (
				A9C5A37B26FA576200C73419 /* Sources */,
				A9C5A37C26FA576200C73419 /* Frameworks */,
				A9C5A37D26FA576200C73419 /* Resources */,
			);
			buildRules = (
			);
			dependencies = (
			);
			name = AsynchronousProgramming;
			productName = AsynchronousProgramming;
			productReference = A9C5A37F26FA576200C73419 /* AsynchronousProgramming.app */;
			productType = "com.apple.product-type.application";
		};
/* End PBXNativeTarget section */

/* Begin PBXProject section */
		A9C5A37726FA576200C73419 /* Project object */ = {
			isa = PBXProject;
			attributes = {
				LastSwiftUpdateCheck = 1250;
				LastUpgradeCheck = 1250;
				TargetAttributes = {
					A9C5A37E26FA576200C73419 = {
						CreatedOnToolsVersion = 12.5.1;
					};
				};
			};
			buildConfigurationList = A9C5A37A26FA576200C73419 /* Build configuration list for PBXProject "AsynchronousProgramming" */;
			compatibilityVersion = "Xcode 9.3";
			developmentRegion = en;
			hasScannedForEncodings = 0;
			knownRegions = (
				en,
				Base,
			);
			mainGroup = A9C5A37626FA576200C73419;
			productRefGroup = A9C5A38026FA576200C73419 /* Products */;
			projectDirPath = "";
			projectRoot = "";
			targets = (
				A9C5A37E26FA576200C73419 /* AsynchronousProgramming */,
			);
		};
/* End PBXProject section */

/* Begin PBXResourcesBuildPhase section */
		A9C5A37D26FA576200C73419 /* Resources */ = {
			isa = PBXResourcesBuildPhase;
			buildActionMask = 2147483647;
			files = (
				A9C5A38A26FA576400C73419 /* Preview Assets.xcassets in Resources */,
				A9C5A38726FA576400C73419 /* Assets.xcassets in Resources */,
			);
			runOnlyForDeploymentPostprocessing = 0;
		};
/* End PBXResourcesBuildPhase section */

/* Begin PBXSourcesBuildPhase section */
		A9C5A37B26FA576200C73419 /* Sources */ = {
			isa = PBXSourcesBuildPhase;
			buildActionMask = 2147483647;
			files = (
				A9FB993F26FB12B000DEB48D /* PerfectNumbersFinder.swift in Sources */,
				A9C5A39426FA58FE00C73419 /* Executable.swift in Sources */,
				A9C5A39226FA58E400C73419 /* AsyncEngine.swift in Sources */,
				A9C5A38526FA576200C73419 /* ContentView.swift in Sources */,
				A9C5A39626FA595300C73419 /* PrimeNumbersFinder.swift in Sources */,
				A9C5A38326FA576200C73419 /* AsynchronousProgrammingApp.swift in Sources */,
			);
			runOnlyForDeploymentPostprocessing = 0;
		};
/* End PBXSourcesBuildPhase section */

/* Begin XCBuildConfiguration section */
		A9C5A38C26FA576400C73419 /* Debug */ = {
			isa = XCBuildConfiguration;
			buildSettings = {
				ALWAYS_SEARCH_USER_PATHS = NO;
				CLANG_ANALYZER_NONNULL = YES;
				CLANG_ANALYZER_NUMBER_OBJECT_CONVERSION = YES_AGGRESSIVE;
				CLANG_CXX_LANGUAGE_STANDARD = "gnu++14";
				CLANG_CXX_LIBRARY = "libc++";
				CLANG_ENABLE_MODULES = YES;
				CLANG_ENABLE_OBJC_ARC = YES;
				CLANG_ENABLE_OBJC_WEAK = YES;
				CLANG_WARN_BLOCK_CAPTURE_AUTORELEASING = YES;
				CLANG_WARN_BOOL_CONVERSION = YES;
				CLANG_WARN_COMMA = YES;
				CLANG_WARN_CONSTANT_CONVERSION = YES;
				CLANG_WARN_DEPRECATED_OBJC_IMPLEMENTATIONS = YES;
				CLANG_WARN_DIRECT_OBJC_ISA_USAGE = YES_ERROR;
				CLANG_WARN_DOCUMENTATION_COMMENTS = YES;
				CLANG_WARN_EMPTY_BODY = YES;
				CLANG_WARN_ENUM_CONVERSION = YES;
				CLANG_WARN_INFINITE_RECURSION = YES;
				CLANG_WARN_INT_CONVERSION = YES;
				CLANG_WARN_NON_LITERAL_NULL_CONVERSION = YES;
				CLANG_WARN_OBJC_IMPLICIT_RETAIN_SELF = YES;
				CLANG_WARN_OBJC_LITERAL_CONVERSION = YES;
				CLANG_WARN_OBJC_ROOT_CLASS = YES_ERROR;
				CLANG_WARN_QUOTED_INCLUDE_IN_FRAMEWORK_HEADER = YES;
				CLANG_WARN_RANGE_LOOP_ANALYSIS = YES;
				CLANG_WARN_STRICT_PROTOTYPES = YES;
				CLANG_WARN_SUSPICIOUS_MOVE = YES;
				CLANG_WARN_UNGUARDED_AVAILABILITY = YES_AGGRESSIVE;
				CLANG_WARN_UNREACHABLE_CODE = YES;
				CLANG_WARN__DUPLICATE_METHOD_MATCH = YES;
				COPY_PHASE_STRIP = NO;
				DEBUG_INFORMATION_FORMAT = dwarf;
				ENABLE_STRICT_OBJC_MSGSEND = YES;
				ENABLE_TESTABILITY = YES;
				GCC_C_LANGUAGE_STANDARD = gnu11;
				GCC_DYNAMIC_NO_PIC = NO;
				GCC_NO_COMMON_BLOCKS = YES;
				GCC_OPTIMIZATION_LEVEL = 0;
				GCC_PREPROCESSOR_DEFINITIONS = (
					"DEBUG=1",
					"$(inherited)",
				);
				GCC_WARN_64_TO_32_BIT_CONVERSION = YES;
				GCC_WARN_ABOUT_RETURN_TYPE = YES_ERROR;
				GCC_WARN_UNDECLARED_SELECTOR = YES;
				GCC_WARN_UNINITIALIZED_AUTOS = YES_AGGRESSIVE;
				GCC_WARN_UNUSED_FUNCTION = YES;
				GCC_WARN_UNUSED_VARIABLE = YES;
				IPHONEOS_DEPLOYMENT_TARGET = 14.5;
				MTL_ENABLE_DEBUG_INFO = INCLUDE_SOURCE;
				MTL_FAST_MATH = YES;
				ONLY_ACTIVE_ARCH = YES;
				SDKROOT = iphoneos;
				SWIFT_ACTIVE_COMPILATION_CONDITIONS = DEBUG;
				SWIFT_OPTIMIZATION_LEVEL = "-Onone";
			};
			name = Debug;
		};
		A9C5A38D26FA576400C73419 /* Release */ = {
			isa = XCBuildConfiguration;
			buildSettings = {
				ALWAYS_SEARCH_USER_PATHS = NO;
				CLANG_ANALYZER_NONNULL = YES;
				CLANG_ANALYZER_NUMBER_OBJECT_CONVERSION = YES_AGGRESSIVE;
				CLANG_CXX_LANGUAGE_STANDARD = "gnu++14";
				CLANG_CXX_LIBRARY = "libc++";
				CLANG_ENABLE_MODULES = YES;
				CLANG_ENABLE_OBJC_ARC = YES;
				CLANG_ENABLE_OBJC_WEAK = YES;
				CLANG_WARN_BLOCK_CAPTURE_AUTORELEASING = YES;
				CLANG_WARN_BOOL_CONVERSION = YES;
				CLANG_WARN_COMMA = YES;
				CLANG_WARN_CONSTANT_CONVERSION = YES;
				CLANG_WARN_DEPRECATED_OBJC_IMPLEMENTATIONS = YES;
				CLANG_WARN_DIRECT_OBJC_ISA_USAGE = YES_ERROR;
				CLANG_WARN_DOCUMENTATION_COMMENTS = YES;
				CLANG_WARN_EMPTY_BODY = YES;
				CLANG_WARN_ENUM_CONVERSION = YES;
				CLANG_WARN_INFINITE_RECURSION = YES;
				CLANG_WARN_INT_CONVERSION = YES;
				CLANG_WARN_NON_LITERAL_NULL_CONVERSION = YES;
				CLANG_WARN_OBJC_IMPLICIT_RETAIN_SELF = YES;
				CLANG_WARN_OBJC_LITERAL_CONVERSION = YES;
				CLANG_WARN_OBJC_ROOT_CLASS = YES_ERROR;
				CLANG_WARN_QUOTED_INCLUDE_IN_FRAMEWORK_HEADER = YES;
				CLANG_WARN_RANGE_LOOP_ANALYSIS = YES;
				CLANG_WARN_STRICT_PROTOTYPES = YES;
				CLANG_WARN_SUSPICIOUS_MOVE = YES;
				CLANG_WARN_UNGUARDED_AVAILABILITY = YES_AGGRESSIVE;
				CLANG_WARN_UNREACHABLE_CODE = YES;
				CLANG_WARN__DUPLICATE_METHOD_MATCH = YES;
				COPY_PHASE_STRIP = NO;
				DEBUG_INFORMATION_FORMAT = "dwarf-with-dsym";
				ENABLE_NS_ASSERTIONS = NO;
				ENABLE_STRICT_OBJC_MSGSEND = YES;
				GCC_C_LANGUAGE_STANDARD = gnu11;
				GCC_NO_COMMON_BLOCKS = YES;
				GCC_WARN_64_TO_32_BIT_CONVERSION = YES;
				GCC_WARN_ABOUT_RETURN_TYPE = YES_ERROR;
				GCC_WARN_UNDECLARED_SELECTOR = YES;
				GCC_WARN_UNINITIALIZED_AUTOS = YES_AGGRESSIVE;
				GCC_WARN_UNUSED_FUNCTION = YES;
				GCC_WARN_UNUSED_VARIABLE = YES;
				IPHONEOS_DEPLOYMENT_TARGET = 14.5;
				MTL_ENABLE_DEBUG_INFO = NO;
				MTL_FAST_MATH = YES;
				SDKROOT = iphoneos;
				SWIFT_COMPILATION_MODE = wholemodule;
				SWIFT_OPTIMIZATION_LEVEL = "-O";
				VALIDATE_PRODUCT = YES;
			};
			name = Release;
		};
		A9C5A38F26FA576400C73419 /* Debug */ = {
			isa = XCBuildConfiguration;
			buildSettings = {
				ASSETCATALOG_COMPILER_APPICON_NAME = AppIcon;
				ASSETCATALOG_COMPILER_GLOBAL_ACCENT_COLOR_NAME = AccentColor;
				CODE_SIGN_STYLE = Automatic;
				DEVELOPMENT_ASSET_PATHS = "\"AsynchronousProgramming/Preview Content\"";
				DEVELOPMENT_TEAM = XHRWYM4T65;
				ENABLE_PREVIEWS = YES;
				INFOPLIST_FILE = AsynchronousProgramming/Info.plist;
				IPHONEOS_DEPLOYMENT_TARGET = 14.0;
				LD_RUNPATH_SEARCH_PATHS = (
					"$(inherited)",
					"@executable_path/Frameworks",
				);
				PRODUCT_BUNDLE_IDENTIFIER = heartsker.AsynchronousProgramming;
				PRODUCT_NAME = "$(TARGET_NAME)";
				SWIFT_VERSION = 5.0;
				TARGETED_DEVICE_FAMILY = "1,2";
			};
			name = Debug;
		};
		A9C5A39026FA576400C73419 /* Release */ = {
			isa = XCBuildConfiguration;
			buildSettings = {
				ASSETCATALOG_COMPILER_APPICON_NAME = AppIcon;
				ASSETCATALOG_COMPILER_GLOBAL_ACCENT_COLOR_NAME = AccentColor;
				CODE_SIGN_STYLE = Automatic;
				DEVELOPMENT_ASSET_PATHS = "\"AsynchronousProgramming/Preview Content\"";
				DEVELOPMENT_TEAM = XHRWYM4T65;
				ENABLE_PREVIEWS = YES;
				INFOPLIST_FILE = AsynchronousProgramming/Info.plist;
				IPHONEOS_DEPLOYMENT_TARGET = 14.0;
				LD_RUNPATH_SEARCH_PATHS = (
					"$(inherited)",
					"@executable_path/Frameworks",
				);
				PRODUCT_BUNDLE_IDENTIFIER = heartsker.AsynchronousProgramming;
				PRODUCT_NAME = "$(TARGET_NAME)";
				SWIFT_VERSION = 5.0;
				TARGETED_DEVICE_FAMILY = "1,2";
			};
			name = Release;
		};
/* End XCBuildConfiguration section */

/* Begin XCConfigurationList section */
		A9C5A37A26FA576200C73419 /* Build configuration list for PBXProject "AsynchronousProgramming" */ = {
			isa = XCConfigurationList;
			buildConfigurations = (
				A9C5A38C26FA576400C73419 /* Debug */,
				A9C5A38D26FA576400C73419 /* Release */,
			);
			defaultConfigurationIsVisible = 0;
			defaultConfigurationName = Release;
		};
		A9C5A38E26FA576400C73419 /* Build configuration list for PBXNativeTarget "AsynchronousProgramming" */ = {
			isa = XCConfigurationList;
			buildConfigurations = (
				A9C5A38F26FA576400C73419 /* Debug */,
				A9C5A39026FA576400C73419 /* Release */,
			);
			defaultConfigurationIsVisible = 0;
			defaultConfigurationName = Release;
		};
/* End XCConfigurationList section */
	};
	rootObject = A9C5A37726FA576200C73419 /* Project object */;
}
